
Microsoft Visual Studio Solution File, Format Version 12.00
# Visual Studio Version 17
VisualStudioVersion = 17.0.31903.59
MinimumVisualStudioVersion = 10.0.40219.1
Project("{2150E333-8FDC-42A3-9474-1A3956D46DE8}") = "src", "src", "{02EA681E-C7D8-13C7-8484-4AC65E1B71E8}"
EndProject
Project("{FAE04EC0-301F-11D3-BF4B-00C04F79EFBC}") = "CLI", "src\CLI\CLI.csproj", "{C7848663-1819-4251-A486-54CDD8767108}"
EndProject
Project("{FAE04EC0-301F-11D3-BF4B-00C04F79EFBC}") = "Core", "src\Core\Core.csproj", "{2721CD9F-B3C1-4296-8E16-F38787A0D3F2}"
EndProject
Project("{2150E333-8FDC-42A3-9474-1A3956D46DE8}") = "test", "test", "{A47D6092-8461-4F9A-8F5A-1BE872F7A823}"
EndProject
Project("{FAE04EC0-301F-11D3-BF4B-00C04F79EFBC}") = "CLI.Test", "test\CLI.Test\CLI.Test.csproj", "{66384EB2-591A-425E-853C-5CDEE3FFC2ED}"
EndProject
Project("{FAE04EC0-301F-11D3-BF4B-00C04F79EFBC}") = "CrossCuttingConcerns", "src\CrossCuttingConcerns\CrossCuttingConcerns.csproj", "{E311691C-3A1A-4A8D-94C6-F4B91E595558}"
EndProject
Project("{FAE04EC0-301F-11D3-BF4B-00C04F79EFBC}") = "Core.Test", "test\Core.Test\Core.Test.csproj", "{A5D613AF-6B2D-4CF1-8196-5971A14A8BFD}"
EndProject
Project("{FAE04EC0-301F-11D3-BF4B-00C04F79EFBC}") = "CrossCuttingConcerns.Test", "test\CrossCuttingConcerns.Test\CrossCuttingConcerns.Test.csproj", "{358083BB-461D-4FA3-A248-4A8FB0ACF51E}"
EndProject
Global
	GlobalSection(SolutionConfigurationPlatforms) = preSolution
		Debug|Any CPU = Debug|Any CPU
		Release|Any CPU = Release|Any CPU
	EndGlobalSection
	GlobalSection(ProjectConfigurationPlatforms) = postSolution
		{C7848663-1819-4251-A486-54CDD8767108}.Debug|Any CPU.ActiveCfg = Debug|Any CPU
		{C7848663-1819-4251-A486-54CDD8767108}.Debug|Any CPU.Build.0 = Debug|Any CPU
		{C7848663-1819-4251-A486-54CDD8767108}.Release|Any CPU.ActiveCfg = Release|Any CPU
		{C7848663-1819-4251-A486-54CDD8767108}.Release|Any CPU.Build.0 = Release|Any CPU
		{2721CD9F-B3C1-4296-8E16-F38787A0D3F2}.Debug|Any CPU.ActiveCfg = Debug|Any CPU
		{2721CD9F-B3C1-4296-8E16-F38787A0D3F2}.Debug|Any CPU.Build.0 = Debug|Any CPU
		{2721CD9F-B3C1-4296-8E16-F38787A0D3F2}.Release|Any CPU.ActiveCfg = Release|Any CPU
		{2721CD9F-B3C1-4296-8E16-F38787A0D3F2}.Release|Any CPU.Build.0 = Release|Any CPU
		{66384EB2-591A-425E-853C-5CDEE3FFC2ED}.Debug|Any CPU.ActiveCfg = Debug|Any CPU
		{66384EB2-591A-425E-853C-5CDEE3FFC2ED}.Debug|Any CPU.Build.0 = Debug|Any CPU
		{66384EB2-591A-425E-853C-5CDEE3FFC2ED}.Release|Any CPU.ActiveCfg = Release|Any CPU
		{66384EB2-591A-425E-853C-5CDEE3FFC2ED}.Release|Any CPU.Build.0 = Release|Any CPU
		{E311691C-3A1A-4A8D-94C6-F4B91E595558}.Debug|Any CPU.ActiveCfg = Debug|Any CPU
		{E311691C-3A1A-4A8D-94C6-F4B91E595558}.Debug|Any CPU.Build.0 = Debug|Any CPU
		{E311691C-3A1A-4A8D-94C6-F4B91E595558}.Release|Any CPU.ActiveCfg = Release|Any CPU
		{E311691C-3A1A-4A8D-94C6-F4B91E595558}.Release|Any CPU.Build.0 = Release|Any CPU
		{A5D613AF-6B2D-4CF1-8196-5971A14A8BFD}.Debug|Any CPU.ActiveCfg = Debug|Any CPU
		{A5D613AF-6B2D-4CF1-8196-5971A14A8BFD}.Debug|Any CPU.Build.0 = Debug|Any CPU
		{A5D613AF-6B2D-4CF1-8196-5971A14A8BFD}.Release|Any CPU.ActiveCfg = Release|Any CPU
		{A5D613AF-6B2D-4CF1-8196-5971A14A8BFD}.Release|Any CPU.Build.0 = Release|Any CPU
		{358083BB-461D-4FA3-A248-4A8FB0ACF51E}.Debug|Any CPU.ActiveCfg = Debug|Any CPU
		{358083BB-461D-4FA3-A248-4A8FB0ACF51E}.Debug|Any CPU.Build.0 = Debug|Any CPU
		{358083BB-461D-4FA3-A248-4A8FB0ACF51E}.Release|Any CPU.ActiveCfg = Release|Any CPU
		{358083BB-461D-4FA3-A248-4A8FB0ACF51E}.Release|Any CPU.Build.0 = Release|Any CPU
	EndGlobalSection
	GlobalSection(SolutionProperties) = preSolution
		HideSolutionNode = FALSE
	EndGlobalSection
	GlobalSection(NestedProjects) = preSolution
		{C7848663-1819-4251-A486-54CDD8767108} = {02EA681E-C7D8-13C7-8484-4AC65E1B71E8}
		{2721CD9F-B3C1-4296-8E16-F38787A0D3F2} = {02EA681E-C7D8-13C7-8484-4AC65E1B71E8}
		{66384EB2-591A-425E-853C-5CDEE3FFC2ED} = {A47D6092-8461-4F9A-8F5A-1BE872F7A823}
		{E311691C-3A1A-4A8D-94C6-F4B91E595558} = {02EA681E-C7D8-13C7-8484-4AC65E1B71E8}
		{A5D613AF-6B2D-4CF1-8196-5971A14A8BFD} = {A47D6092-8461-4F9A-8F5A-1BE872F7A823}
		{358083BB-461D-4FA3-A248-4A8FB0ACF51E} = {A47D6092-8461-4F9A-8F5A-1BE872F7A823}
	EndGlobalSection
	GlobalSection(ExtensibilityGlobals) = postSolution
		SolutionGuid = {1C7DD223-6D0A-4FBF-8794-ACFE45C2F25E}
	EndGlobalSection
EndGlobal
